
Microsoft Visual Studio Solution File, Format Version 12.00
# Visual Studio Version 16
VisualStudioVersion = 16.0.31729.503
MinimumVisualStudioVersion = 10.0.40219.1
Project("{FAE04EC0-301F-11D3-BF4B-00C04F79EFBC}") = "Algoritmo_29", "Algoritmo_29\Algoritmo_29.csproj", "{2C427154-FAE1-44FC-B676-B15B0390A73A}"
EndProject
Global
	GlobalSection(SolutionConfigurationPlatforms) = preSolution
		Debug|Any CPU = Debug|Any CPU
		Release|Any CPU = Release|Any CPU
	EndGlobalSection
	GlobalSection(ProjectConfigurationPlatforms) = postSolution
		{2C427154-FAE1-44FC-B676-B15B0390A73A}.Debug|Any CPU.ActiveCfg = Debug|Any CPU
		{2C427154-FAE1-44FC-B676-B15B0390A73A}.Debug|Any CPU.Build.0 = Debug|Any CPU
		{2C427154-FAE1-44FC-B676-B15B0390A73A}.Release|Any CPU.ActiveCfg = Release|Any CPU
		{2C427154-FAE1-44FC-B676-B15B0390A73A}.Release|Any CPU.Build.0 = Release|Any CPU
	EndGlobalSection
	GlobalSection(SolutionProperties) = preSolution
		HideSolutionNode = FALSE
	EndGlobalSection
	GlobalSection(ExtensibilityGlobals) = postSolution
		SolutionGuid = {C8223F12-591F-4276-87CC-F023A858330A}
	EndGlobalSection
EndGlobal
