
Microsoft Visual Studio Solution File, Format Version 12.00
# Visual Studio Version 16
VisualStudioVersion = 16.0.31729.503
MinimumVisualStudioVersion = 10.0.40219.1
Project("{FAE04EC0-301F-11D3-BF4B-00C04F79EFBC}") = "Algoritmo_24", "Algoritmo_24\Algoritmo_24.csproj", "{C65FE299-68E7-45AD-B7D2-A153BF6B21D4}"
EndProject
Global
	GlobalSection(SolutionConfigurationPlatforms) = preSolution
		Debug|Any CPU = Debug|Any CPU
		Release|Any CPU = Release|Any CPU
	EndGlobalSection
	GlobalSection(ProjectConfigurationPlatforms) = postSolution
		{C65FE299-68E7-45AD-B7D2-A153BF6B21D4}.Debug|Any CPU.ActiveCfg = Debug|Any CPU
		{C65FE299-68E7-45AD-B7D2-A153BF6B21D4}.Debug|Any CPU.Build.0 = Debug|Any CPU
		{C65FE299-68E7-45AD-B7D2-A153BF6B21D4}.Release|Any CPU.ActiveCfg = Release|Any CPU
		{C65FE299-68E7-45AD-B7D2-A153BF6B21D4}.Release|Any CPU.Build.0 = Release|Any CPU
	EndGlobalSection
	GlobalSection(SolutionProperties) = preSolution
		HideSolutionNode = FALSE
	EndGlobalSection
	GlobalSection(ExtensibilityGlobals) = postSolution
		SolutionGuid = {BBF95B7A-B658-46F3-87C1-AB7D73FDD196}
	EndGlobalSection
EndGlobal
