
Microsoft Visual Studio Solution File, Format Version 12.00
# Visual Studio Version 16
VisualStudioVersion = 16.0.31729.503
MinimumVisualStudioVersion = 10.0.40219.1
Project("{FAE04EC0-301F-11D3-BF4B-00C04F79EFBC}") = "Algoritmo_10", "Algoritmo_10\Algoritmo_10.csproj", "{A68D9B0F-208D-4546-9202-9CA395D8E48D}"
EndProject
Global
	GlobalSection(SolutionConfigurationPlatforms) = preSolution
		Debug|Any CPU = Debug|Any CPU
		Release|Any CPU = Release|Any CPU
	EndGlobalSection
	GlobalSection(ProjectConfigurationPlatforms) = postSolution
		{A68D9B0F-208D-4546-9202-9CA395D8E48D}.Debug|Any CPU.ActiveCfg = Debug|Any CPU
		{A68D9B0F-208D-4546-9202-9CA395D8E48D}.Debug|Any CPU.Build.0 = Debug|Any CPU
		{A68D9B0F-208D-4546-9202-9CA395D8E48D}.Release|Any CPU.ActiveCfg = Release|Any CPU
		{A68D9B0F-208D-4546-9202-9CA395D8E48D}.Release|Any CPU.Build.0 = Release|Any CPU
	EndGlobalSection
	GlobalSection(SolutionProperties) = preSolution
		HideSolutionNode = FALSE
	EndGlobalSection
	GlobalSection(ExtensibilityGlobals) = postSolution
		SolutionGuid = {0C508603-A2B2-4D81-A719-D66437195DC7}
	EndGlobalSection
EndGlobal
