
Microsoft Visual Studio Solution File, Format Version 12.00
# Visual Studio Version 16
VisualStudioVersion = 16.0.31729.503
MinimumVisualStudioVersion = 10.0.40219.1
Project("{FAE04EC0-301F-11D3-BF4B-00C04F79EFBC}") = "Algoritmo_18", "Algoritmo_18\Algoritmo_18.csproj", "{B6510827-FCC5-4F2D-B85D-CF05B674193D}"
EndProject
Global
	GlobalSection(SolutionConfigurationPlatforms) = preSolution
		Debug|Any CPU = Debug|Any CPU
		Release|Any CPU = Release|Any CPU
	EndGlobalSection
	GlobalSection(ProjectConfigurationPlatforms) = postSolution
		{B6510827-FCC5-4F2D-B85D-CF05B674193D}.Debug|Any CPU.ActiveCfg = Debug|Any CPU
		{B6510827-FCC5-4F2D-B85D-CF05B674193D}.Debug|Any CPU.Build.0 = Debug|Any CPU
		{B6510827-FCC5-4F2D-B85D-CF05B674193D}.Release|Any CPU.ActiveCfg = Release|Any CPU
		{B6510827-FCC5-4F2D-B85D-CF05B674193D}.Release|Any CPU.Build.0 = Release|Any CPU
	EndGlobalSection
	GlobalSection(SolutionProperties) = preSolution
		HideSolutionNode = FALSE
	EndGlobalSection
	GlobalSection(ExtensibilityGlobals) = postSolution
		SolutionGuid = {0D117A59-D720-49F0-8CE5-9C05D026CF9E}
	EndGlobalSection
EndGlobal
